
Microsoft Visual Studio Solution File, Format Version 12.00
# Visual Studio Version 16
VisualStudioVersion = 16.0.30611.23
MinimumVisualStudioVersion = 10.0.40219.1
Project("{FAE04EC0-301F-11D3-BF4B-00C04F79EFBC}") = "Barbu_Nicoleta_Lab5", "Barbu_Nicoleta_Lab5.csproj", "{4777FF53-45B5-46D2-93A3-D6C6A648A763}"
EndProject
Global
	GlobalSection(SolutionConfigurationPlatforms) = preSolution
		Debug|Any CPU = Debug|Any CPU
		Release|Any CPU = Release|Any CPU
	EndGlobalSection
	GlobalSection(ProjectConfigurationPlatforms) = postSolution
		{4777FF53-45B5-46D2-93A3-D6C6A648A763}.Debug|Any CPU.ActiveCfg = Debug|Any CPU
		{4777FF53-45B5-46D2-93A3-D6C6A648A763}.Debug|Any CPU.Build.0 = Debug|Any CPU
		{4777FF53-45B5-46D2-93A3-D6C6A648A763}.Release|Any CPU.ActiveCfg = Release|Any CPU
		{4777FF53-45B5-46D2-93A3-D6C6A648A763}.Release|Any CPU.Build.0 = Release|Any CPU
	EndGlobalSection
	GlobalSection(SolutionProperties) = preSolution
		HideSolutionNode = FALSE
	EndGlobalSection
	GlobalSection(ExtensibilityGlobals) = postSolution
		SolutionGuid = {5CDD6199-10E8-4FE3-A1C4-8CBEEFE57C7D}
	EndGlobalSection
EndGlobal
